
Microsoft Visual Studio Solution File, Format Version 12.00
# Visual Studio Version 16
VisualStudioVersion = 16.0.29009.5
MinimumVisualStudioVersion = 10.0.40219.1
Project("{FAE04EC0-301F-11D3-BF4B-00C04F79EFBC}") = "Bank", "Bank\Bank.csproj", "{16E29935-D109-4055-8247-1A4C2B2CE8BC}"
EndProject
Global
	GlobalSection(SolutionConfigurationPlatforms) = preSolution
		Debug|Any CPU = Debug|Any CPU
		Release|Any CPU = Release|Any CPU
	EndGlobalSection
	GlobalSection(ProjectConfigurationPlatforms) = postSolution
		{16E29935-D109-4055-8247-1A4C2B2CE8BC}.Debug|Any CPU.ActiveCfg = Debug|Any CPU
		{16E29935-D109-4055-8247-1A4C2B2CE8BC}.Debug|Any CPU.Build.0 = Debug|Any CPU
		{16E29935-D109-4055-8247-1A4C2B2CE8BC}.Release|Any CPU.ActiveCfg = Release|Any CPU
		{16E29935-D109-4055-8247-1A4C2B2CE8BC}.Release|Any CPU.Build.0 = Release|Any CPU
	EndGlobalSection
	GlobalSection(SolutionProperties) = preSolution
		HideSolutionNode = FALSE
	EndGlobalSection
	GlobalSection(ExtensibilityGlobals) = postSolution
		SolutionGuid = {C457E7C5-8740-46BF-8241-6E88E045AAD1}
	EndGlobalSection
EndGlobal
